
Microsoft Visual Studio Solution File, Format Version 12.00
# Visual Studio Version 16
VisualStudioVersion = 16.0.31829.152
MinimumVisualStudioVersion = 10.0.40219.1
Project("{FAE04EC0-301F-11D3-BF4B-00C04F79EFBC}") = "MusicVideoSubmissionAssignment1.Webpage", "MusicVideoSubmissionAssignment1.Webpage\MusicVideoSubmissionAssignment1.Webpage.csproj", "{3907CCE4-38F8-4A3C-A1E6-E69AAB95DEF7}"
EndProject
Global
	GlobalSection(SolutionConfigurationPlatforms) = preSolution
		Debug|Any CPU = Debug|Any CPU
		Release|Any CPU = Release|Any CPU
	EndGlobalSection
	GlobalSection(ProjectConfigurationPlatforms) = postSolution
		{3907CCE4-38F8-4A3C-A1E6-E69AAB95DEF7}.Debug|Any CPU.ActiveCfg = Debug|Any CPU
		{3907CCE4-38F8-4A3C-A1E6-E69AAB95DEF7}.Debug|Any CPU.Build.0 = Debug|Any CPU
		{3907CCE4-38F8-4A3C-A1E6-E69AAB95DEF7}.Release|Any CPU.ActiveCfg = Release|Any CPU
		{3907CCE4-38F8-4A3C-A1E6-E69AAB95DEF7}.Release|Any CPU.Build.0 = Release|Any CPU
	EndGlobalSection
	GlobalSection(SolutionProperties) = preSolution
		HideSolutionNode = FALSE
	EndGlobalSection
	GlobalSection(ExtensibilityGlobals) = postSolution
		SolutionGuid = {0A8128CE-B578-477C-930A-3AE31D060E64}
	EndGlobalSection
EndGlobal
